{
  "name": "@quilt/floor",
  "version": "0.1.0",
  "lockfileVersion": 3,
  "requires": true,
  "packages": {
    "": {
      "name": "@quilt/floor",
      "version": "0.1.0",
      "dependencies": {
        "@quilt/core": "file:../quilt-core"
      }
    },
    "../quilt-core": {
      "name": "@quilt-studio/core",
      "version": "0.0.1",
      "license": "EPL-2.0"
    },
    "node_modules/@quilt/core": {
      "resolved": "../quilt-core",
      "link": true
    }
  }
}
